
Microsoft Visual Studio Solution File, Format Version 12.00
# Visual Studio Version 17
VisualStudioVersion = 17.3.32804.467
MinimumVisualStudioVersion = 10.0.40219.1
Project("{F184B08F-C81C-45F6-A57F-5ABD9991F28F}") = "LibraryModel", "LibraryModel\LibraryModel.vbproj", "{1DAB85DC-819C-4F04-A436-69781332A48C}"
EndProject
Global
	GlobalSection(SolutionConfigurationPlatforms) = preSolution
		Debug|Any CPU = Debug|Any CPU
		Release|Any CPU = Release|Any CPU
	EndGlobalSection
	GlobalSection(ProjectConfigurationPlatforms) = postSolution
		{1DAB85DC-819C-4F04-A436-69781332A48C}.Debug|Any CPU.ActiveCfg = Debug|Any CPU
		{1DAB85DC-819C-4F04-A436-69781332A48C}.Debug|Any CPU.Build.0 = Debug|Any CPU
		{1DAB85DC-819C-4F04-A436-69781332A48C}.Release|Any CPU.ActiveCfg = Release|Any CPU
		{1DAB85DC-819C-4F04-A436-69781332A48C}.Release|Any CPU.Build.0 = Release|Any CPU
	EndGlobalSection
	GlobalSection(SolutionProperties) = preSolution
		HideSolutionNode = FALSE
	EndGlobalSection
	GlobalSection(ExtensibilityGlobals) = postSolution
		SolutionGuid = {668D0B8F-CD8A-4F50-B6BF-45836C306009}
	EndGlobalSection
EndGlobal
